
Microsoft Visual Studio Solution File, Format Version 12.00
# Visual Studio Version 17
VisualStudioVersion = 17.14.36511.14 d17.14
MinimumVisualStudioVersion = 10.0.40219.1
Project("{FAE04EC0-301F-11D3-BF4B-00C04F79EFBC}") = "Estagio2", "Estagio2\Estagio2.csproj", "{C7985111-C279-4D2F-946C-A0B6F7AAF4D9}"
EndProject
Global
	GlobalSection(SolutionConfigurationPlatforms) = preSolution
		Debug|Any CPU = Debug|Any CPU
		Release|Any CPU = Release|Any CPU
	EndGlobalSection
	GlobalSection(ProjectConfigurationPlatforms) = postSolution
		{C7985111-C279-4D2F-946C-A0B6F7AAF4D9}.Debug|Any CPU.ActiveCfg = Debug|Any CPU
		{C7985111-C279-4D2F-946C-A0B6F7AAF4D9}.Debug|Any CPU.Build.0 = Debug|Any CPU
		{C7985111-C279-4D2F-946C-A0B6F7AAF4D9}.Release|Any CPU.ActiveCfg = Release|Any CPU
		{C7985111-C279-4D2F-946C-A0B6F7AAF4D9}.Release|Any CPU.Build.0 = Release|Any CPU
	EndGlobalSection
	GlobalSection(SolutionProperties) = preSolution
		HideSolutionNode = FALSE
	EndGlobalSection
	GlobalSection(ExtensibilityGlobals) = postSolution
		SolutionGuid = {663EA438-C7C6-4773-AF6D-9B624F9CF9DA}
	EndGlobalSection
EndGlobal
